
Microsoft Visual Studio Solution File, Format Version 12.00
# Visual Studio 15
VisualStudioVersion = 15.0.27428.2037
MinimumVisualStudioVersion = 10.0.40219.1
Project("{FAE04EC0-301F-11D3-BF4B-00C04F79EFBC}") = "TicTacToeGUI", "TicTacToeGUI\TicTacToeGUI.csproj", "{97359CD0-1710-44E9-890F-142905353CA6}"
EndProject
Global
	GlobalSection(SolutionConfigurationPlatforms) = preSolution
		Debug|Any CPU = Debug|Any CPU
		Release|Any CPU = Release|Any CPU
	EndGlobalSection
	GlobalSection(ProjectConfigurationPlatforms) = postSolution
		{97359CD0-1710-44E9-890F-142905353CA6}.Debug|Any CPU.ActiveCfg = Debug|Any CPU
		{97359CD0-1710-44E9-890F-142905353CA6}.Debug|Any CPU.Build.0 = Debug|Any CPU
		{97359CD0-1710-44E9-890F-142905353CA6}.Release|Any CPU.ActiveCfg = Release|Any CPU
		{97359CD0-1710-44E9-890F-142905353CA6}.Release|Any CPU.Build.0 = Release|Any CPU
	EndGlobalSection
	GlobalSection(SolutionProperties) = preSolution
		HideSolutionNode = FALSE
	EndGlobalSection
	GlobalSection(ExtensibilityGlobals) = postSolution
		SolutionGuid = {7E361A48-B517-4189-8EF1-B8102879D178}
	EndGlobalSection
EndGlobal
